
Microsoft Visual Studio Solution File, Format Version 12.00
# Visual Studio Version 17
VisualStudioVersion = 17.9.34622.214
MinimumVisualStudioVersion = 10.0.40219.1
Project("{9A19103F-16F7-4668-BE54-9A1E7A4F7556}") = "Folio", "Folio.csproj", "{727ADAFB-8778-4B90-B140-FF683CF83054}"
EndProject
Global
	GlobalSection(SolutionConfigurationPlatforms) = preSolution
		Debug|Any CPU = Debug|Any CPU
		Release|Any CPU = Release|Any CPU
	EndGlobalSection
	GlobalSection(ProjectConfigurationPlatforms) = postSolution
		{727ADAFB-8778-4B90-B140-FF683CF83054}.Debug|Any CPU.ActiveCfg = Debug|Any CPU
		{727ADAFB-8778-4B90-B140-FF683CF83054}.Debug|Any CPU.Build.0 = Debug|Any CPU
		{727ADAFB-8778-4B90-B140-FF683CF83054}.Release|Any CPU.ActiveCfg = Release|Any CPU
		{727ADAFB-8778-4B90-B140-FF683CF83054}.Release|Any CPU.Build.0 = Release|Any CPU
	EndGlobalSection
	GlobalSection(SolutionProperties) = preSolution
		HideSolutionNode = FALSE
	EndGlobalSection
	GlobalSection(ExtensibilityGlobals) = postSolution
		SolutionGuid = {4142EB1A-3417-4043-967E-54623A49C1E4}
	EndGlobalSection
EndGlobal
